
Microsoft Visual Studio Solution File, Format Version 12.00
# Visual Studio Version 16
VisualStudioVersion = 16.0.29827.131
MinimumVisualStudioVersion = 10.0.40219.1
Project("{FAE04EC0-301F-11D3-BF4B-00C04F79EFBC}") = "MyLinkedList", "MyLinkedList\MyLinkedList.csproj", "{FDBA1D31-82E9-4486-ADCC-0A345EC21DBF}"
EndProject
Project("{FAE04EC0-301F-11D3-BF4B-00C04F79EFBC}") = "DoublyLinkedList", "DoublyLinkedList\DoublyLinkedList.csproj", "{1FF3D4DE-7A85-4587-8E50-133FAB039238}"
EndProject
Project("{FAE04EC0-301F-11D3-BF4B-00C04F79EFBC}") = "DynamicArray", "DynamicArray\DynamicArray.csproj", "{2B048867-83BA-43ED-ADA5-B55B313CFFB5}"
EndProject
Project("{FAE04EC0-301F-11D3-BF4B-00C04F79EFBC}") = "Stack", "Stack\Stack.csproj", "{9572F447-110F-4DEB-A506-07C46FABFD8C}"
EndProject
Project("{FAE04EC0-301F-11D3-BF4B-00C04F79EFBC}") = "Queue", "Queue\Queue.csproj", "{9D430474-7781-4D43-AD1B-7E032B67D32A}"
EndProject
Project("{FAE04EC0-301F-11D3-BF4B-00C04F79EFBC}") = "MySet", "MySet\MySet.csproj", "{BEFAFCEA-D11A-40B8-9B80-3B4C9B6D272E}"
EndProject
Project("{FAE04EC0-301F-11D3-BF4B-00C04F79EFBC}") = "BubbleSort", "BubbleSort\BubbleSort.csproj", "{01302182-A270-43A4-8FEA-A2C36DBE8C5E}"
EndProject
Project("{FAE04EC0-301F-11D3-BF4B-00C04F79EFBC}") = "InsertionSort", "InsertionSort\InsertionSort.csproj", "{F9ADC578-8B81-43C8-9684-98AA7FA71437}"
EndProject
Project("{FAE04EC0-301F-11D3-BF4B-00C04F79EFBC}") = "SelectionSort", "SelectionSort\SelectionSort.csproj", "{6B541554-A89C-4744-B8FA-C5A59BB43EE5}"
EndProject
Project("{FAE04EC0-301F-11D3-BF4B-00C04F79EFBC}") = "MergeSort", "MergeSort\MergeSort.csproj", "{35747B95-A728-45EB-9568-237BCC9DDC1D}"
EndProject
Project("{FAE04EC0-301F-11D3-BF4B-00C04F79EFBC}") = "MyMergeSort", "MyMergeSort\MyMergeSort.csproj", "{15FE6E50-63B0-4F6E-BA51-511BD52A4F30}"
EndProject
Project("{FAE04EC0-301F-11D3-BF4B-00C04F79EFBC}") = "QuickSort", "QuickSort\QuickSort.csproj", "{AC333720-B7F8-46C9-9418-A436484A6BF4}"
EndProject
Project("{FAE04EC0-301F-11D3-BF4B-00C04F79EFBC}") = "ShellSort", "ShellSort\ShellSort.csproj", "{029638E2-0C61-4094-84EC-1A44939C5397}"
EndProject
Project("{FAE04EC0-301F-11D3-BF4B-00C04F79EFBC}") = "HashTable", "HashTable\HashTable.csproj", "{486DE5B1-E2CF-40FE-91ED-8C980F8C1794}"
EndProject
Project("{FAE04EC0-301F-11D3-BF4B-00C04F79EFBC}") = "MyTree", "MyTree\MyTree.csproj", "{7422A4E4-49F4-4A41-9639-6852A71639B7}"
EndProject
Project("{FAE04EC0-301F-11D3-BF4B-00C04F79EFBC}") = "MyAVLTree", "MyAVLTree\MyAVLTree.csproj", "{A8A5890D-F6B4-4E14-99B4-059F27390995}"
EndProject
Project("{FAE04EC0-301F-11D3-BF4B-00C04F79EFBC}") = "Graph", "Graph\Graph.csproj", "{18633583-84C6-4223-81E3-7819CD06D502}"
EndProject
Global
	GlobalSection(SolutionConfigurationPlatforms) = preSolution
		Debug|Any CPU = Debug|Any CPU
		Release|Any CPU = Release|Any CPU
	EndGlobalSection
	GlobalSection(ProjectConfigurationPlatforms) = postSolution
		{FDBA1D31-82E9-4486-ADCC-0A345EC21DBF}.Debug|Any CPU.ActiveCfg = Debug|Any CPU
		{FDBA1D31-82E9-4486-ADCC-0A345EC21DBF}.Debug|Any CPU.Build.0 = Debug|Any CPU
		{FDBA1D31-82E9-4486-ADCC-0A345EC21DBF}.Release|Any CPU.ActiveCfg = Release|Any CPU
		{FDBA1D31-82E9-4486-ADCC-0A345EC21DBF}.Release|Any CPU.Build.0 = Release|Any CPU
		{1FF3D4DE-7A85-4587-8E50-133FAB039238}.Debug|Any CPU.ActiveCfg = Debug|Any CPU
		{1FF3D4DE-7A85-4587-8E50-133FAB039238}.Debug|Any CPU.Build.0 = Debug|Any CPU
		{1FF3D4DE-7A85-4587-8E50-133FAB039238}.Release|Any CPU.ActiveCfg = Release|Any CPU
		{1FF3D4DE-7A85-4587-8E50-133FAB039238}.Release|Any CPU.Build.0 = Release|Any CPU
		{2B048867-83BA-43ED-ADA5-B55B313CFFB5}.Debug|Any CPU.ActiveCfg = Debug|Any CPU
		{2B048867-83BA-43ED-ADA5-B55B313CFFB5}.Debug|Any CPU.Build.0 = Debug|Any CPU
		{2B048867-83BA-43ED-ADA5-B55B313CFFB5}.Release|Any CPU.ActiveCfg = Release|Any CPU
		{2B048867-83BA-43ED-ADA5-B55B313CFFB5}.Release|Any CPU.Build.0 = Release|Any CPU
		{9572F447-110F-4DEB-A506-07C46FABFD8C}.Debug|Any CPU.ActiveCfg = Debug|Any CPU
		{9572F447-110F-4DEB-A506-07C46FABFD8C}.Debug|Any CPU.Build.0 = Debug|Any CPU
		{9572F447-110F-4DEB-A506-07C46FABFD8C}.Release|Any CPU.ActiveCfg = Release|Any CPU
		{9572F447-110F-4DEB-A506-07C46FABFD8C}.Release|Any CPU.Build.0 = Release|Any CPU
		{9D430474-7781-4D43-AD1B-7E032B67D32A}.Debug|Any CPU.ActiveCfg = Debug|Any CPU
		{9D430474-7781-4D43-AD1B-7E032B67D32A}.Debug|Any CPU.Build.0 = Debug|Any CPU
		{9D430474-7781-4D43-AD1B-7E032B67D32A}.Release|Any CPU.ActiveCfg = Release|Any CPU
		{9D430474-7781-4D43-AD1B-7E032B67D32A}.Release|Any CPU.Build.0 = Release|Any CPU
		{BEFAFCEA-D11A-40B8-9B80-3B4C9B6D272E}.Debug|Any CPU.ActiveCfg = Debug|Any CPU
		{BEFAFCEA-D11A-40B8-9B80-3B4C9B6D272E}.Debug|Any CPU.Build.0 = Debug|Any CPU
		{BEFAFCEA-D11A-40B8-9B80-3B4C9B6D272E}.Release|Any CPU.ActiveCfg = Release|Any CPU
		{BEFAFCEA-D11A-40B8-9B80-3B4C9B6D272E}.Release|Any CPU.Build.0 = Release|Any CPU
		{01302182-A270-43A4-8FEA-A2C36DBE8C5E}.Debug|Any CPU.ActiveCfg = Debug|Any CPU
		{01302182-A270-43A4-8FEA-A2C36DBE8C5E}.Debug|Any CPU.Build.0 = Debug|Any CPU
		{01302182-A270-43A4-8FEA-A2C36DBE8C5E}.Release|Any CPU.ActiveCfg = Release|Any CPU
		{01302182-A270-43A4-8FEA-A2C36DBE8C5E}.Release|Any CPU.Build.0 = Release|Any CPU
		{F9ADC578-8B81-43C8-9684-98AA7FA71437}.Debug|Any CPU.ActiveCfg = Debug|Any CPU
		{F9ADC578-8B81-43C8-9684-98AA7FA71437}.Debug|Any CPU.Build.0 = Debug|Any CPU
		{F9ADC578-8B81-43C8-9684-98AA7FA71437}.Release|Any CPU.ActiveCfg = Release|Any CPU
		{F9ADC578-8B81-43C8-9684-98AA7FA71437}.Release|Any CPU.Build.0 = Release|Any CPU
		{6B541554-A89C-4744-B8FA-C5A59BB43EE5}.Debug|Any CPU.ActiveCfg = Debug|Any CPU
		{6B541554-A89C-4744-B8FA-C5A59BB43EE5}.Debug|Any CPU.Build.0 = Debug|Any CPU
		{6B541554-A89C-4744-B8FA-C5A59BB43EE5}.Release|Any CPU.ActiveCfg = Release|Any CPU
		{6B541554-A89C-4744-B8FA-C5A59BB43EE5}.Release|Any CPU.Build.0 = Release|Any CPU
		{35747B95-A728-45EB-9568-237BCC9DDC1D}.Debug|Any CPU.ActiveCfg = Debug|Any CPU
		{35747B95-A728-45EB-9568-237BCC9DDC1D}.Debug|Any CPU.Build.0 = Debug|Any CPU
		{35747B95-A728-45EB-9568-237BCC9DDC1D}.Release|Any CPU.ActiveCfg = Release|Any CPU
		{35747B95-A728-45EB-9568-237BCC9DDC1D}.Release|Any CPU.Build.0 = Release|Any CPU
		{15FE6E50-63B0-4F6E-BA51-511BD52A4F30}.Debug|Any CPU.ActiveCfg = Debug|Any CPU
		{15FE6E50-63B0-4F6E-BA51-511BD52A4F30}.Debug|Any CPU.Build.0 = Debug|Any CPU
		{15FE6E50-63B0-4F6E-BA51-511BD52A4F30}.Release|Any CPU.ActiveCfg = Release|Any CPU
		{15FE6E50-63B0-4F6E-BA51-511BD52A4F30}.Release|Any CPU.Build.0 = Release|Any CPU
		{AC333720-B7F8-46C9-9418-A436484A6BF4}.Debug|Any CPU.ActiveCfg = Debug|Any CPU
		{AC333720-B7F8-46C9-9418-A436484A6BF4}.Debug|Any CPU.Build.0 = Debug|Any CPU
		{AC333720-B7F8-46C9-9418-A436484A6BF4}.Release|Any CPU.ActiveCfg = Release|Any CPU
		{AC333720-B7F8-46C9-9418-A436484A6BF4}.Release|Any CPU.Build.0 = Release|Any CPU
		{029638E2-0C61-4094-84EC-1A44939C5397}.Debug|Any CPU.ActiveCfg = Debug|Any CPU
		{029638E2-0C61-4094-84EC-1A44939C5397}.Debug|Any CPU.Build.0 = Debug|Any CPU
		{029638E2-0C61-4094-84EC-1A44939C5397}.Release|Any CPU.ActiveCfg = Release|Any CPU
		{029638E2-0C61-4094-84EC-1A44939C5397}.Release|Any CPU.Build.0 = Release|Any CPU
		{486DE5B1-E2CF-40FE-91ED-8C980F8C1794}.Debug|Any CPU.ActiveCfg = Debug|Any CPU
		{486DE5B1-E2CF-40FE-91ED-8C980F8C1794}.Debug|Any CPU.Build.0 = Debug|Any CPU
		{486DE5B1-E2CF-40FE-91ED-8C980F8C1794}.Release|Any CPU.ActiveCfg = Release|Any CPU
		{486DE5B1-E2CF-40FE-91ED-8C980F8C1794}.Release|Any CPU.Build.0 = Release|Any CPU
		{7422A4E4-49F4-4A41-9639-6852A71639B7}.Debug|Any CPU.ActiveCfg = Debug|Any CPU
		{7422A4E4-49F4-4A41-9639-6852A71639B7}.Debug|Any CPU.Build.0 = Debug|Any CPU
		{7422A4E4-49F4-4A41-9639-6852A71639B7}.Release|Any CPU.ActiveCfg = Release|Any CPU
		{7422A4E4-49F4-4A41-9639-6852A71639B7}.Release|Any CPU.Build.0 = Release|Any CPU
		{A8A5890D-F6B4-4E14-99B4-059F27390995}.Debug|Any CPU.ActiveCfg = Debug|Any CPU
		{A8A5890D-F6B4-4E14-99B4-059F27390995}.Debug|Any CPU.Build.0 = Debug|Any CPU
		{A8A5890D-F6B4-4E14-99B4-059F27390995}.Release|Any CPU.ActiveCfg = Release|Any CPU
		{A8A5890D-F6B4-4E14-99B4-059F27390995}.Release|Any CPU.Build.0 = Release|Any CPU
		{18633583-84C6-4223-81E3-7819CD06D502}.Debug|Any CPU.ActiveCfg = Debug|Any CPU
		{18633583-84C6-4223-81E3-7819CD06D502}.Debug|Any CPU.Build.0 = Debug|Any CPU
		{18633583-84C6-4223-81E3-7819CD06D502}.Release|Any CPU.ActiveCfg = Release|Any CPU
		{18633583-84C6-4223-81E3-7819CD06D502}.Release|Any CPU.Build.0 = Release|Any CPU
	EndGlobalSection
	GlobalSection(SolutionProperties) = preSolution
		HideSolutionNode = FALSE
	EndGlobalSection
	GlobalSection(ExtensibilityGlobals) = postSolution
		SolutionGuid = {346196EE-A0A7-4543-8970-F80BA4299476}
	EndGlobalSection
EndGlobal
